// !$*UTF8*$!
{
	archiveVersion = 1;
	classes = {
	};
	objectVersion = 50;
	objects = {

/* Begin PBXBuildFile section */
		5A4A0CE0229DBF36004E16B8 /* Session.swift in Sources */ = {isa = PBXBuildFile; fileRef = 5A4A0CDF229DBF36004E16B8 /* Session.swift */; };
		5A4A0CE2229DC0C1004E16B8 /* LockState.swift in Sources */ = {isa = PBXBuildFile; fileRef = 5A4A0CE1229DC0C1004E16B8 /* LockState.swift */; };
		5A5602BA228F1D8000D4C73D /* VISADecodable.swift in Sources */ = {isa = PBXBuildFile; fileRef = 5A5602B9228F1D8000D4C73D /* VISADecodable.swift */; };
		5A75B39A228CD925007ADB39 /* ReadError.swift in Sources */ = {isa = PBXBuildFile; fileRef = 5A75B399228CD925007ADB39 /* ReadError.swift */; };
		5A75B39C228CDA40007ADB39 /* UnknownError.swift in Sources */ = {isa = PBXBuildFile; fileRef = 5A75B39B228CDA40007ADB39 /* UnknownError.swift */; };
		5A75B3A0228DC1B7007ADB39 /* CVISAErrorCodes.swift in Sources */ = {isa = PBXBuildFile; fileRef = 5A75B39F228DC1B7007ADB39 /* CVISAErrorCodes.swift */; };
		5AFF1630228DD0C300545130 /* WriteError.swift in Sources */ = {isa = PBXBuildFile; fileRef = 5AFF162F228DD0C300545130 /* WriteError.swift */; };
		5AFF1632228DD44800545130 /* ResourceManager.swift in Sources */ = {isa = PBXBuildFile; fileRef = 5AFF1631228DD44800545130 /* ResourceManager.swift */; };
		E1037FC2228CA85300239BD6 /* Read.swift in Sources */ = {isa = PBXBuildFile; fileRef = E1037FC1228CA85300239BD6 /* Read.swift */; };
		E1037FC4228CA85900239BD6 /* Write.swift in Sources */ = {isa = PBXBuildFile; fileRef = E1037FC3228CA85900239BD6 /* Write.swift */; };
		E1037FC6228CAD9E00239BD6 /* Instrument.swift in Sources */ = {isa = PBXBuildFile; fileRef = E1037FC5228CAD9E00239BD6 /* Instrument.swift */; };
		E1037FC9228CAE7B00239BD6 /* Voltage.swift in Sources */ = {isa = PBXBuildFile; fileRef = E1037FC7228CAE6100239BD6 /* Voltage.swift */; };
		E1904455228BABC90057934D /* SwiftVISA.framework in Frameworks */ = {isa = PBXBuildFile; fileRef = E190444B228BABC90057934D /* SwiftVISA.framework */; };
		E190445A228BABC90057934D /* SwiftVISATests.swift in Sources */ = {isa = PBXBuildFile; fileRef = E1904459228BABC90057934D /* SwiftVISATests.swift */; };
		E190445C228BABC90057934D /* SwiftVISA.h in Headers */ = {isa = PBXBuildFile; fileRef = E190444E228BABC90057934D /* SwiftVISA.h */; settings = {ATTRIBUTES = (Public, ); }; };
		E190446C228BB33A0057934D /* VISA.framework in Frameworks */ = {isa = PBXBuildFile; fileRef = E190446B228BB33A0057934D /* VISA.framework */; };
/* End PBXBuildFile section */

/* Begin PBXContainerItemProxy section */
		E1904456228BABC90057934D /* PBXContainerItemProxy */ = {
			isa = PBXContainerItemProxy;
			containerPortal = E1904442228BABC90057934D /* Project object */;
			proxyType = 1;
			remoteGlobalIDString = E190444A228BABC90057934D;
			remoteInfo = SwiftVISA;
		};
/* End PBXContainerItemProxy section */

/* Begin PBXFileReference section */
		5A4A0CDF229DBF36004E16B8 /* Session.swift */ = {isa = PBXFileReference; lastKnownFileType = sourcecode.swift; path = Session.swift; sourceTree = "<group>"; };
		5A4A0CE1229DC0C1004E16B8 /* LockState.swift */ = {isa = PBXFileReference; lastKnownFileType = sourcecode.swift; path = LockState.swift; sourceTree = "<group>"; };
		5A5602B9228F1D8000D4C73D /* VISADecodable.swift */ = {isa = PBXFileReference; lastKnownFileType = sourcecode.swift; path = VISADecodable.swift; sourceTree = "<group>"; };
		5A75B399228CD925007ADB39 /* ReadError.swift */ = {isa = PBXFileReference; lastKnownFileType = sourcecode.swift; path = ReadError.swift; sourceTree = "<group>"; };
		5A75B39B228CDA40007ADB39 /* UnknownError.swift */ = {isa = PBXFileReference; lastKnownFileType = sourcecode.swift; path = UnknownError.swift; sourceTree = "<group>"; };
		5A75B39F228DC1B7007ADB39 /* CVISAErrorCodes.swift */ = {isa = PBXFileReference; lastKnownFileType = sourcecode.swift; path = CVISAErrorCodes.swift; sourceTree = "<group>"; };
		5AFF162F228DD0C300545130 /* WriteError.swift */ = {isa = PBXFileReference; lastKnownFileType = sourcecode.swift; path = WriteError.swift; sourceTree = "<group>"; };
		5AFF1631228DD44800545130 /* ResourceManager.swift */ = {isa = PBXFileReference; lastKnownFileType = sourcecode.swift; path = ResourceManager.swift; sourceTree = "<group>"; };
		E1037FC1228CA85300239BD6 /* Read.swift */ = {isa = PBXFileReference; lastKnownFileType = sourcecode.swift; path = Read.swift; sourceTree = "<group>"; };
		E1037FC3228CA85900239BD6 /* Write.swift */ = {isa = PBXFileReference; lastKnownFileType = sourcecode.swift; path = Write.swift; sourceTree = "<group>"; };
		E1037FC5228CAD9E00239BD6 /* Instrument.swift */ = {isa = PBXFileReference; lastKnownFileType = sourcecode.swift; path = Instrument.swift; sourceTree = "<group>"; };
		E1037FC7228CAE6100239BD6 /* Voltage.swift */ = {isa = PBXFileReference; lastKnownFileType = sourcecode.swift; path = Voltage.swift; sourceTree = "<group>"; };
		E190444B228BABC90057934D /* SwiftVISA.framework */ = {isa = PBXFileReference; explicitFileType = wrapper.framework; includeInIndex = 0; path = SwiftVISA.framework; sourceTree = BUILT_PRODUCTS_DIR; };
		E190444E228BABC90057934D /* SwiftVISA.h */ = {isa = PBXFileReference; lastKnownFileType = sourcecode.c.h; path = SwiftVISA.h; sourceTree = "<group>"; };
		E190444F228BABC90057934D /* Info.plist */ = {isa = PBXFileReference; lastKnownFileType = text.plist.xml; path = Info.plist; sourceTree = "<group>"; };
		E1904454228BABC90057934D /* SwiftVISATests.xctest */ = {isa = PBXFileReference; explicitFileType = wrapper.cfbundle; includeInIndex = 0; path = SwiftVISATests.xctest; sourceTree = BUILT_PRODUCTS_DIR; };
		E1904459228BABC90057934D /* SwiftVISATests.swift */ = {isa = PBXFileReference; lastKnownFileType = sourcecode.swift; path = SwiftVISATests.swift; sourceTree = "<group>"; };
		E190445B228BABC90057934D /* Info.plist */ = {isa = PBXFileReference; lastKnownFileType = text.plist.xml; path = Info.plist; sourceTree = "<group>"; };
		E1904465228BABEE0057934D /* SwiftVISA.private.modulemap */ = {isa = PBXFileReference; lastKnownFileType = "sourcecode.module-map"; path = SwiftVISA.private.modulemap; sourceTree = "<group>"; };
		E1904467228BAC000057934D /* module.modulemap */ = {isa = PBXFileReference; lastKnownFileType = "sourcecode.module-map"; path = module.modulemap; sourceTree = "<group>"; };
		E190446B228BB33A0057934D /* VISA.framework */ = {isa = PBXFileReference; lastKnownFileType = wrapper.framework; name = VISA.framework; path = ../../../../../../Library/Frameworks/VISA.framework; sourceTree = "<group>"; };
/* End PBXFileReference section */

/* Begin PBXFrameworksBuildPhase section */
		E1904448228BABC90057934D /* Frameworks */ = {
			isa = PBXFrameworksBuildPhase;
			buildActionMask = 2147483647;
			files = (
				E190446C228BB33A0057934D /* VISA.framework in Frameworks */,
			);
			runOnlyForDeploymentPostprocessing = 0;
		};
		E1904451228BABC90057934D /* Frameworks */ = {
			isa = PBXFrameworksBuildPhase;
			buildActionMask = 2147483647;
			files = (
				E1904455228BABC90057934D /* SwiftVISA.framework in Frameworks */,
			);
			runOnlyForDeploymentPostprocessing = 0;
		};
/* End PBXFrameworksBuildPhase section */

/* Begin PBXGroup section */
		5AFF162E228DCEE400545130 /* Errors */ = {
			isa = PBXGroup;
			children = (
				5A75B39F228DC1B7007ADB39 /* CVISAErrorCodes.swift */,
				5A75B399228CD925007ADB39 /* ReadError.swift */,
				5AFF162F228DD0C300545130 /* WriteError.swift */,
				5A75B39B228CDA40007ADB39 /* UnknownError.swift */,
			);
			path = Errors;
			sourceTree = "<group>";
		};
		E1904441228BABC90057934D = {
			isa = PBXGroup;
			children = (
				E190444D228BABC90057934D /* SwiftVISA */,
				E1904458228BABC90057934D /* SwiftVISATests */,
				E190444C228BABC90057934D /* Products */,
				E190446A228BB33A0057934D /* Frameworks */,
			);
			sourceTree = "<group>";
		};
		E190444C228BABC90057934D /* Products */ = {
			isa = PBXGroup;
			children = (
				E190444B228BABC90057934D /* SwiftVISA.framework */,
				E1904454228BABC90057934D /* SwiftVISATests.xctest */,
			);
			name = Products;
			sourceTree = "<group>";
		};
		E190444D228BABC90057934D /* SwiftVISA */ = {
			isa = PBXGroup;
			children = (
				E190444E228BABC90057934D /* SwiftVISA.h */,
				E1904465228BABEE0057934D /* SwiftVISA.private.modulemap */,
				E190444F228BABC90057934D /* Info.plist */,
				5AFF162E228DCEE400545130 /* Errors */,
				E1037FC1228CA85300239BD6 /* Read.swift */,
				E1037FC3228CA85900239BD6 /* Write.swift */,
				5A5602B9228F1D8000D4C73D /* VISADecodable.swift */,
				E1037FC5228CAD9E00239BD6 /* Instrument.swift */,
				5A4A0CE1229DC0C1004E16B8 /* LockState.swift */,
				5A4A0CDF229DBF36004E16B8 /* Session.swift */,
				E1037FC7228CAE6100239BD6 /* Voltage.swift */,
				5AFF1631228DD44800545130 /* ResourceManager.swift */,
				E1904466228BABF20057934D /* SwiftVISA */,
			);
			path = SwiftVISA;
			sourceTree = "<group>";
		};
		E1904458228BABC90057934D /* SwiftVISATests */ = {
			isa = PBXGroup;
			children = (
				E1904459228BABC90057934D /* SwiftVISATests.swift */,
				E190445B228BABC90057934D /* Info.plist */,
			);
			path = SwiftVISATests;
			sourceTree = "<group>";
		};
		E1904466228BABF20057934D /* SwiftVISA */ = {
			isa = PBXGroup;
			children = (
				E1904467228BAC000057934D /* module.modulemap */,
			);
			path = SwiftVISA;
			sourceTree = "<group>";
		};
		E190446A228BB33A0057934D /* Frameworks */ = {
			isa = PBXGroup;
			children = (
				E190446B228BB33A0057934D /* VISA.framework */,
			);
			name = Frameworks;
			sourceTree = "<group>";
		};
/* End PBXGroup section */

/* Begin PBXHeadersBuildPhase section */
		E1904446228BABC90057934D /* Headers */ = {
			isa = PBXHeadersBuildPhase;
			buildActionMask = 2147483647;
			files = (
				E190445C228BABC90057934D /* SwiftVISA.h in Headers */,
			);
			runOnlyForDeploymentPostprocessing = 0;
		};
/* End PBXHeadersBuildPhase section */

/* Begin PBXNativeTarget section */
		E190444A228BABC90057934D /* SwiftVISA */ = {
			isa = PBXNativeTarget;
			buildConfigurationList = E190445F228BABC90057934D /* Build configuration list for PBXNativeTarget "SwiftVISA" */;
			buildPhases = (
				E1904446228BABC90057934D /* Headers */,
				E1904447228BABC90057934D /* Sources */,
				E1904448228BABC90057934D /* Frameworks */,
				E1904449228BABC90057934D /* Resources */,
			);
			buildRules = (
			);
			dependencies = (
			);
			name = SwiftVISA;
			productName = SwiftVISA;
			productReference = E190444B228BABC90057934D /* SwiftVISA.framework */;
			productType = "com.apple.product-type.framework";
		};
		E1904453228BABC90057934D /* SwiftVISATests */ = {
			isa = PBXNativeTarget;
			buildConfigurationList = E1904462228BABC90057934D /* Build configuration list for PBXNativeTarget "SwiftVISATests" */;
			buildPhases = (
				E1904450228BABC90057934D /* Sources */,
				E1904451228BABC90057934D /* Frameworks */,
				E1904452228BABC90057934D /* Resources */,
			);
			buildRules = (
			);
			dependencies = (
				E1904457228BABC90057934D /* PBXTargetDependency */,
			);
			name = SwiftVISATests;
			productName = SwiftVISATests;
			productReference = E1904454228BABC90057934D /* SwiftVISATests.xctest */;
			productType = "com.apple.product-type.bundle.unit-test";
		};
/* End PBXNativeTarget section */

/* Begin PBXProject section */
		E1904442228BABC90057934D /* Project object */ = {
			isa = PBXProject;
			attributes = {
				LastSwiftUpdateCheck = 1020;
				LastUpgradeCheck = 1020;
				ORGANIZATIONNAME = SwiftVISA;
				TargetAttributes = {
					E190444A228BABC90057934D = {
						CreatedOnToolsVersion = 10.2.1;
						LastSwiftMigration = 1020;
					};
					E1904453228BABC90057934D = {
						CreatedOnToolsVersion = 10.2.1;
					};
				};
			};
			buildConfigurationList = E1904445228BABC90057934D /* Build configuration list for PBXProject "SwiftVISA" */;
			compatibilityVersion = "Xcode 9.3";
			developmentRegion = en;
			hasScannedForEncodings = 0;
			knownRegions = (
				en,
			);
			mainGroup = E1904441228BABC90057934D;
			productRefGroup = E190444C228BABC90057934D /* Products */;
			projectDirPath = "";
			projectRoot = "";
			targets = (
				E190444A228BABC90057934D /* SwiftVISA */,
				E1904453228BABC90057934D /* SwiftVISATests */,
			);
		};
/* End PBXProject section */

/* Begin PBXResourcesBuildPhase section */
		E1904449228BABC90057934D /* Resources */ = {
			isa = PBXResourcesBuildPhase;
			buildActionMask = 2147483647;
			files = (
			);
			runOnlyForDeploymentPostprocessing = 0;
		};
		E1904452228BABC90057934D /* Resources */ = {
			isa = PBXResourcesBuildPhase;
			buildActionMask = 2147483647;
			files = (
			);
			runOnlyForDeploymentPostprocessing = 0;
		};
/* End PBXResourcesBuildPhase section */

/* Begin PBXSourcesBuildPhase section */
		E1904447228BABC90057934D /* Sources */ = {
			isa = PBXSourcesBuildPhase;
			buildActionMask = 2147483647;
			files = (
				E1037FC6228CAD9E00239BD6 /* Instrument.swift in Sources */,
				5AFF1630228DD0C300545130 /* WriteError.swift in Sources */,
				5A75B39A228CD925007ADB39 /* ReadError.swift in Sources */,
				E1037FC4228CA85900239BD6 /* Write.swift in Sources */,
				5A5602BA228F1D8000D4C73D /* VISADecodable.swift in Sources */,
				5A75B39C228CDA40007ADB39 /* UnknownError.swift in Sources */,
				E1037FC2228CA85300239BD6 /* Read.swift in Sources */,
				5A4A0CE0229DBF36004E16B8 /* Session.swift in Sources */,
				5A4A0CE2229DC0C1004E16B8 /* LockState.swift in Sources */,
				5A75B3A0228DC1B7007ADB39 /* CVISAErrorCodes.swift in Sources */,
				5AFF1632228DD44800545130 /* ResourceManager.swift in Sources */,
				E1037FC9228CAE7B00239BD6 /* Voltage.swift in Sources */,
			);
			runOnlyForDeploymentPostprocessing = 0;
		};
		E1904450228BABC90057934D /* Sources */ = {
			isa = PBXSourcesBuildPhase;
			buildActionMask = 2147483647;
			files = (
				E190445A228BABC90057934D /* SwiftVISATests.swift in Sources */,
			);
			runOnlyForDeploymentPostprocessing = 0;
		};
/* End PBXSourcesBuildPhase section */

/* Begin PBXTargetDependency section */
		E1904457228BABC90057934D /* PBXTargetDependency */ = {
			isa = PBXTargetDependency;
			target = E190444A228BABC90057934D /* SwiftVISA */;
			targetProxy = E1904456228BABC90057934D /* PBXContainerItemProxy */;
		};
/* End PBXTargetDependency section */

/* Begin XCBuildConfiguration section */
		E190445D228BABC90057934D /* Debug */ = {
			isa = XCBuildConfiguration;
			buildSettings = {
				ALWAYS_SEARCH_USER_PATHS = NO;
				CLANG_ANALYZER_NONNULL = YES;
				CLANG_ANALYZER_NUMBER_OBJECT_CONVERSION = YES_AGGRESSIVE;
				CLANG_CXX_LANGUAGE_STANDARD = "gnu++14";
				CLANG_CXX_LIBRARY = "libc++";
				CLANG_ENABLE_MODULES = YES;
				CLANG_ENABLE_OBJC_ARC = YES;
				CLANG_ENABLE_OBJC_WEAK = YES;
				CLANG_WARN_BLOCK_CAPTURE_AUTORELEASING = YES;
				CLANG_WARN_BOOL_CONVERSION = YES;
				CLANG_WARN_COMMA = YES;
				CLANG_WARN_CONSTANT_CONVERSION = YES;
				CLANG_WARN_DEPRECATED_OBJC_IMPLEMENTATIONS = YES;
				CLANG_WARN_DIRECT_OBJC_ISA_USAGE = YES_ERROR;
				CLANG_WARN_DOCUMENTATION_COMMENTS = YES;
				CLANG_WARN_EMPTY_BODY = YES;
				CLANG_WARN_ENUM_CONVERSION = YES;
				CLANG_WARN_INFINITE_RECURSION = YES;
				CLANG_WARN_INT_CONVERSION = YES;
				CLANG_WARN_NON_LITERAL_NULL_CONVERSION = YES;
				CLANG_WARN_OBJC_IMPLICIT_RETAIN_SELF = YES;
				CLANG_WARN_OBJC_LITERAL_CONVERSION = YES;
				CLANG_WARN_OBJC_ROOT_CLASS = YES_ERROR;
				CLANG_WARN_RANGE_LOOP_ANALYSIS = YES;
				CLANG_WARN_STRICT_PROTOTYPES = YES;
				CLANG_WARN_SUSPICIOUS_MOVE = YES;
				CLANG_WARN_UNGUARDED_AVAILABILITY = YES_AGGRESSIVE;
				CLANG_WARN_UNREACHABLE_CODE = YES;
				CLANG_WARN__DUPLICATE_METHOD_MATCH = YES;
				CODE_SIGN_IDENTITY = "-";
				COPY_PHASE_STRIP = NO;
				CURRENT_PROJECT_VERSION = 1;
				DEBUG_INFORMATION_FORMAT = dwarf;
				ENABLE_STRICT_OBJC_MSGSEND = YES;
				ENABLE_TESTABILITY = YES;
				GCC_C_LANGUAGE_STANDARD = gnu11;
				GCC_DYNAMIC_NO_PIC = NO;
				GCC_NO_COMMON_BLOCKS = YES;
				GCC_OPTIMIZATION_LEVEL = 0;
				GCC_PREPROCESSOR_DEFINITIONS = (
					"DEBUG=1",
					"$(inherited)",
				);
				GCC_WARN_64_TO_32_BIT_CONVERSION = YES;
				GCC_WARN_ABOUT_RETURN_TYPE = YES_ERROR;
				GCC_WARN_UNDECLARED_SELECTOR = YES;
				GCC_WARN_UNINITIALIZED_AUTOS = YES_AGGRESSIVE;
				GCC_WARN_UNUSED_FUNCTION = YES;
				GCC_WARN_UNUSED_VARIABLE = YES;
				MACOSX_DEPLOYMENT_TARGET = 10.14;
				MTL_ENABLE_DEBUG_INFO = INCLUDE_SOURCE;
				MTL_FAST_MATH = YES;
				ONLY_ACTIVE_ARCH = YES;
				SDKROOT = macosx;
				SWIFT_ACTIVE_COMPILATION_CONDITIONS = DEBUG;
				SWIFT_OPTIMIZATION_LEVEL = "-Onone";
				VERSIONING_SYSTEM = "apple-generic";
				VERSION_INFO_PREFIX = "";
			};
			name = Debug;
		};
		E190445E228BABC90057934D /* Release */ = {
			isa = XCBuildConfiguration;
			buildSettings = {
				ALWAYS_SEARCH_USER_PATHS = NO;
				CLANG_ANALYZER_NONNULL = YES;
				CLANG_ANALYZER_NUMBER_OBJECT_CONVERSION = YES_AGGRESSIVE;
				CLANG_CXX_LANGUAGE_STANDARD = "gnu++14";
				CLANG_CXX_LIBRARY = "libc++";
				CLANG_ENABLE_MODULES = YES;
				CLANG_ENABLE_OBJC_ARC = YES;
				CLANG_ENABLE_OBJC_WEAK = YES;
				CLANG_WARN_BLOCK_CAPTURE_AUTORELEASING = YES;
				CLANG_WARN_BOOL_CONVERSION = YES;
				CLANG_WARN_COMMA = YES;
				CLANG_WARN_CONSTANT_CONVERSION = YES;
				CLANG_WARN_DEPRECATED_OBJC_IMPLEMENTATIONS = YES;
				CLANG_WARN_DIRECT_OBJC_ISA_USAGE = YES_ERROR;
				CLANG_WARN_DOCUMENTATION_COMMENTS = YES;
				CLANG_WARN_EMPTY_BODY = YES;
				CLANG_WARN_ENUM_CONVERSION = YES;
				CLANG_WARN_INFINITE_RECURSION = YES;
				CLANG_WARN_INT_CONVERSION = YES;
				CLANG_WARN_NON_LITERAL_NULL_CONVERSION = YES;
				CLANG_WARN_OBJC_IMPLICIT_RETAIN_SELF = YES;
				CLANG_WARN_OBJC_LITERAL_CONVERSION = YES;
				CLANG_WARN_OBJC_ROOT_CLASS = YES_ERROR;
				CLANG_WARN_RANGE_LOOP_ANALYSIS = YES;
				CLANG_WARN_STRICT_PROTOTYPES = YES;
				CLANG_WARN_SUSPICIOUS_MOVE = YES;
				CLANG_WARN_UNGUARDED_AVAILABILITY = YES_AGGRESSIVE;
				CLANG_WARN_UNREACHABLE_CODE = YES;
				CLANG_WARN__DUPLICATE_METHOD_MATCH = YES;
				CODE_SIGN_IDENTITY = "-";
				COPY_PHASE_STRIP = NO;
				CURRENT_PROJECT_VERSION = 1;
				DEBUG_INFORMATION_FORMAT = "dwarf-with-dsym";
				ENABLE_NS_ASSERTIONS = NO;
				ENABLE_STRICT_OBJC_MSGSEND = YES;
				GCC_C_LANGUAGE_STANDARD = gnu11;
				GCC_NO_COMMON_BLOCKS = YES;
				GCC_WARN_64_TO_32_BIT_CONVERSION = YES;
				GCC_WARN_ABOUT_RETURN_TYPE = YES_ERROR;
				GCC_WARN_UNDECLARED_SELECTOR = YES;
				GCC_WARN_UNINITIALIZED_AUTOS = YES_AGGRESSIVE;
				GCC_WARN_UNUSED_FUNCTION = YES;
				GCC_WARN_UNUSED_VARIABLE = YES;
				MACOSX_DEPLOYMENT_TARGET = 10.14;
				MTL_ENABLE_DEBUG_INFO = NO;
				MTL_FAST_MATH = YES;
				SDKROOT = macosx;
				SWIFT_COMPILATION_MODE = wholemodule;
				SWIFT_OPTIMIZATION_LEVEL = "-O";
				VERSIONING_SYSTEM = "apple-generic";
				VERSION_INFO_PREFIX = "";
			};
			name = Release;
		};
		E1904460228BABC90057934D /* Debug */ = {
			isa = XCBuildConfiguration;
			buildSettings = {
				CLANG_ENABLE_MODULES = YES;
				CODE_SIGN_IDENTITY = "";
				CODE_SIGN_STYLE = Automatic;
				COMBINE_HIDPI_IMAGES = YES;
				DEFINES_MODULE = YES;
				DYLIB_COMPATIBILITY_VERSION = 1;
				DYLIB_CURRENT_VERSION = 1;
				DYLIB_INSTALL_NAME_BASE = "@rpath";
				FRAMEWORK_SEARCH_PATHS = (
					"$(inherited)",
					"$(LOCAL_LIBRARY_DIR)/Frameworks",
				);
				FRAMEWORK_VERSION = A;
				INFOPLIST_FILE = SwiftVISA/Info.plist;
				INSTALL_PATH = "$(LOCAL_LIBRARY_DIR)/Frameworks";
				LD_RUNPATH_SEARCH_PATHS = (
					"$(inherited)",
					"@executable_path/../Frameworks",
					"@loader_path/Frameworks",
				);
				MODULEMAP_PRIVATE_FILE = "$(SRCROOT)/SwiftVISA/SwiftVISA.private.modulemap";
				PRODUCT_BUNDLE_IDENTIFIER = SwiftVISA.SwiftVISA;
				PRODUCT_NAME = "$(TARGET_NAME:c99extidentifier)";
				SKIP_INSTALL = YES;
				SWIFT_INCLUDE_PATHS = "$(SRCROOT)/SwiftVISA";
				SWIFT_OPTIMIZATION_LEVEL = "-Onone";
				SWIFT_VERSION = 5.0;
			};
			name = Debug;
		};
		E1904461228BABC90057934D /* Release */ = {
			isa = XCBuildConfiguration;
			buildSettings = {
				CLANG_ENABLE_MODULES = YES;
				CODE_SIGN_IDENTITY = "";
				CODE_SIGN_STYLE = Automatic;
				COMBINE_HIDPI_IMAGES = YES;
				DEFINES_MODULE = YES;
				DYLIB_COMPATIBILITY_VERSION = 1;
				DYLIB_CURRENT_VERSION = 1;
				DYLIB_INSTALL_NAME_BASE = "@rpath";
				FRAMEWORK_SEARCH_PATHS = (
					"$(inherited)",
					"$(LOCAL_LIBRARY_DIR)/Frameworks",
				);
				FRAMEWORK_VERSION = A;
				INFOPLIST_FILE = SwiftVISA/Info.plist;
				INSTALL_PATH = "$(LOCAL_LIBRARY_DIR)/Frameworks";
				LD_RUNPATH_SEARCH_PATHS = (
					"$(inherited)",
					"@executable_path/../Frameworks",
					"@loader_path/Frameworks",
				);
				MODULEMAP_PRIVATE_FILE = "$(SRCROOT)/SwiftVISA/SwiftVISA.private.modulemap";
				PRODUCT_BUNDLE_IDENTIFIER = SwiftVISA.SwiftVISA;
				PRODUCT_NAME = "$(TARGET_NAME:c99extidentifier)";
				SKIP_INSTALL = YES;
				SWIFT_INCLUDE_PATHS = "$(SRCROOT)/SwiftVISA";
				SWIFT_VERSION = 5.0;
			};
			name = Release;
		};
		E1904463228BABC90057934D /* Debug */ = {
			isa = XCBuildConfiguration;
			buildSettings = {
				ALWAYS_EMBED_SWIFT_STANDARD_LIBRARIES = YES;
				CODE_SIGN_STYLE = Automatic;
				COMBINE_HIDPI_IMAGES = YES;
				INFOPLIST_FILE = SwiftVISATests/Info.plist;
				LD_RUNPATH_SEARCH_PATHS = (
					"$(inherited)",
					"@executable_path/../Frameworks",
					"@loader_path/../Frameworks",
				);
				PRODUCT_BUNDLE_IDENTIFIER = SwiftVISA.SwiftVISATests;
				PRODUCT_NAME = "$(TARGET_NAME)";
				SWIFT_VERSION = 5.0;
			};
			name = Debug;
		};
		E1904464228BABC90057934D /* Release */ = {
			isa = XCBuildConfiguration;
			buildSettings = {
				ALWAYS_EMBED_SWIFT_STANDARD_LIBRARIES = YES;
				CODE_SIGN_STYLE = Automatic;
				COMBINE_HIDPI_IMAGES = YES;
				INFOPLIST_FILE = SwiftVISATests/Info.plist;
				LD_RUNPATH_SEARCH_PATHS = (
					"$(inherited)",
					"@executable_path/../Frameworks",
					"@loader_path/../Frameworks",
				);
				PRODUCT_BUNDLE_IDENTIFIER = SwiftVISA.SwiftVISATests;
				PRODUCT_NAME = "$(TARGET_NAME)";
				SWIFT_VERSION = 5.0;
			};
			name = Release;
		};
/* End XCBuildConfiguration section */

/* Begin XCConfigurationList section */
		E1904445228BABC90057934D /* Build configuration list for PBXProject "SwiftVISA" */ = {
			isa = XCConfigurationList;
			buildConfigurations = (
				E190445D228BABC90057934D /* Debug */,
				E190445E228BABC90057934D /* Release */,
			);
			defaultConfigurationIsVisible = 0;
			defaultConfigurationName = Release;
		};
		E190445F228BABC90057934D /* Build configuration list for PBXNativeTarget "SwiftVISA" */ = {
			isa = XCConfigurationList;
			buildConfigurations = (
				E1904460228BABC90057934D /* Debug */,
				E1904461228BABC90057934D /* Release */,
			);
			defaultConfigurationIsVisible = 0;
			defaultConfigurationName = Release;
		};
		E1904462228BABC90057934D /* Build configuration list for PBXNativeTarget "SwiftVISATests" */ = {
			isa = XCConfigurationList;
			buildConfigurations = (
				E1904463228BABC90057934D /* Debug */,
				E1904464228BABC90057934D /* Release */,
			);
			defaultConfigurationIsVisible = 0;
			defaultConfigurationName = Release;
		};
/* End XCConfigurationList section */
	};
	rootObject = E1904442228BABC90057934D /* Project object */;
}
